
Microsoft Visual Studio Solution File, Format Version 12.00
# Visual Studio Version 17
VisualStudioVersion = 17.8.34511.84
MinimumVisualStudioVersion = 10.0.40219.1
Project("{FAE04EC0-301F-11D3-BF4B-00C04F79EFBC}") = "aula11", "aula11\aula11.csproj", "{C5A9E6ED-288A-4E1C-811E-932D09DF299E}"
EndProject
Global
	GlobalSection(SolutionConfigurationPlatforms) = preSolution
		Debug|Any CPU = Debug|Any CPU
		Release|Any CPU = Release|Any CPU
	EndGlobalSection
	GlobalSection(ProjectConfigurationPlatforms) = postSolution
		{C5A9E6ED-288A-4E1C-811E-932D09DF299E}.Debug|Any CPU.ActiveCfg = Debug|Any CPU
		{C5A9E6ED-288A-4E1C-811E-932D09DF299E}.Debug|Any CPU.Build.0 = Debug|Any CPU
		{C5A9E6ED-288A-4E1C-811E-932D09DF299E}.Release|Any CPU.ActiveCfg = Release|Any CPU
		{C5A9E6ED-288A-4E1C-811E-932D09DF299E}.Release|Any CPU.Build.0 = Release|Any CPU
	EndGlobalSection
	GlobalSection(SolutionProperties) = preSolution
		HideSolutionNode = FALSE
	EndGlobalSection
	GlobalSection(ExtensibilityGlobals) = postSolution
		SolutionGuid = {95D3C63A-1E12-473C-92BA-EA7269BEC4E4}
	EndGlobalSection
EndGlobal
