
Microsoft Visual Studio Solution File, Format Version 12.00
# Visual Studio Version 17
VisualStudioVersion = 17.8.34511.84
MinimumVisualStudioVersion = 10.0.40219.1
Project("{FAE04EC0-301F-11D3-BF4B-00C04F79EFBC}") = "aula24", "aula24\aula24.csproj", "{8CEBC717-136B-4E2B-B843-83ED4F2610EB}"
EndProject
Global
	GlobalSection(SolutionConfigurationPlatforms) = preSolution
		Debug|Any CPU = Debug|Any CPU
		Release|Any CPU = Release|Any CPU
	EndGlobalSection
	GlobalSection(ProjectConfigurationPlatforms) = postSolution
		{8CEBC717-136B-4E2B-B843-83ED4F2610EB}.Debug|Any CPU.ActiveCfg = Debug|Any CPU
		{8CEBC717-136B-4E2B-B843-83ED4F2610EB}.Debug|Any CPU.Build.0 = Debug|Any CPU
		{8CEBC717-136B-4E2B-B843-83ED4F2610EB}.Release|Any CPU.ActiveCfg = Release|Any CPU
		{8CEBC717-136B-4E2B-B843-83ED4F2610EB}.Release|Any CPU.Build.0 = Release|Any CPU
	EndGlobalSection
	GlobalSection(SolutionProperties) = preSolution
		HideSolutionNode = FALSE
	EndGlobalSection
	GlobalSection(ExtensibilityGlobals) = postSolution
		SolutionGuid = {36D4129A-C528-4FE6-A26D-5D73C7F8F759}
	EndGlobalSection
EndGlobal
